
Microsoft Visual Studio Solution File, Format Version 12.00
# Visual Studio 14
VisualStudioVersion = 14.0.25420.1
MinimumVisualStudioVersion = 10.0.40219.1
Project("{FAE04EC0-301F-11D3-BF4B-00C04F79EFBC}") = "R3MUS.Devpack.SlackRTMBot", "R3MUS.Devpack.SlackRTMBot\R3MUS.Devpack.SlackRTMBot.csproj", "{884B2DC5-7DE4-4C51-8355-B58DE408904D}"
EndProject
Global
	GlobalSection(SolutionConfigurationPlatforms) = preSolution
		Debug|Any CPU = Debug|Any CPU
		Release|Any CPU = Release|Any CPU
	EndGlobalSection
	GlobalSection(ProjectConfigurationPlatforms) = postSolution
		{884B2DC5-7DE4-4C51-8355-B58DE408904D}.Debug|Any CPU.ActiveCfg = Debug|Any CPU
		{884B2DC5-7DE4-4C51-8355-B58DE408904D}.Debug|Any CPU.Build.0 = Debug|Any CPU
		{884B2DC5-7DE4-4C51-8355-B58DE408904D}.Release|Any CPU.ActiveCfg = Release|Any CPU
		{884B2DC5-7DE4-4C51-8355-B58DE408904D}.Release|Any CPU.Build.0 = Release|Any CPU
	EndGlobalSection
	GlobalSection(SolutionProperties) = preSolution
		HideSolutionNode = FALSE
	EndGlobalSection
EndGlobal
